# This file was autogenerated by Stack.
# You should not edit this file by hand.
# For more information, please see the documentation at:
#   https://docs.haskellstack.org/en/stable/lock_files

packages:
- completed:
    hackage: IndexedList-0.1.0.1@sha256:0c885abf5ddc2ef95bafbdec0602dd990e411dce0d3d1b22f9573280a7551e59,1442
    pantry-tree:
      sha256: 161b2591b63328cccce92e436b824ec82c8ef4ab77bf9571414083973593acb9
      size: 352
  original:
    hackage: IndexedList-0.1.0.1@sha256:0c885abf5ddc2ef95bafbdec0602dd990e411dce0d3d1b22f9573280a7551e59,1442
- completed:
    hackage: PeanoWitnesses-0.1.0.0@sha256:d32ce724d62cadaa1a2f9eeb87e5f6c087802b2b43847c35bbb21c0822f906e4,1121
    pantry-tree:
      sha256: c668d77510777e93f6d9772c36059e9ffd03b51fd4638368f5f68b43153fdf3b
      size: 228
  original:
    hackage: PeanoWitnesses-0.1.0.0@sha256:d32ce724d62cadaa1a2f9eeb87e5f6c087802b2b43847c35bbb21c0822f906e4,1121
- completed:
    hackage: Tape-0.4.0.0@sha256:6ae0f8ded3d5b6cc7e15daf950f7353d12db34fd57184d93f93d2a83e55f15d6,1202
    pantry-tree:
      sha256: ba83ee6a940a89d89280d23b1caa23781424f85ef461299133b32bef6d2932f3
      size: 255
  original:
    hackage: Tape-0.4.0.0@sha256:6ae0f8ded3d5b6cc7e15daf950f7353d12db34fd57184d93f93d2a83e55f15d6,1202
- completed:
    hackage: applicative-numbers-0.1.3@sha256:c733f1b1ae473d3a5e201dee792f3510982d6e63bd30c25433467eaef6d62e2c,2442
    pantry-tree:
      sha256: 8c3115a16b8e3ec372880f4d49a28cc6b3b9552af0e79f99fe5dbd2a3092000a
      size: 374
  original:
    hackage: applicative-numbers-0.1.3@sha256:c733f1b1ae473d3a5e201dee792f3510982d6e63bd30c25433467eaef6d62e2c,2442
- completed:
    commit: a06c8b3703af766bb3809d7edf735d4aa8cd95ea
    git: https://github.com/astaugaard/NestedFunctor
    name: NestedFunctor
    pantry-tree:
      sha256: eac8c32689569a898eb0e888b56260c4b5ea516eef2d594c240e358dc8d183b8
      size: 1877
    version: 0.2.0.2
  original:
    commit: a06c8b3703af766bb3809d7edf735d4aa8cd95ea
    git: https://github.com/astaugaard/NestedFunctor
snapshots:
- completed:
    sha256: 03cec7d96ed78877b03b5c2bc5e31015b47f69af2fe6a62d994a42b7a43c5805
    size: 648659
    url: https://raw.githubusercontent.com/commercialhaskell/stackage-snapshots/master/lts/20/3.yaml
  original:
    url: https://raw.githubusercontent.com/commercialhaskell/stackage-snapshots/master/lts/20/3.yaml
